// !$*UTF8*$!
{
	archiveVersion = 1;
	classes = {
	};
	objectVersion = 46;
	objects = {

/* Begin PBXBuildFile section */
		AA336BB21B983E2E0038B1C3 /* OpenGL.framework in Frameworks */ = {isa = PBXBuildFile; fileRef = AA336BB11B983E2E0038B1C3 /* OpenGL.framework */; };
		AA336BB41B983E350038B1C3 /* GLUT.framework in Frameworks */ = {isa = PBXBuildFile; fileRef = AA336BB31B983E350038B1C3 /* GLUT.framework */; };
		AA336BB61B983F280038B1C3 /* libGLEW.1.12.0.dylib in Frameworks */ = {isa = PBXBuildFile; fileRef = AA336BB51B983F280038B1C3 /* libGLEW.1.12.0.dylib */; };
		AA336BF01B9AA38A0038B1C3 /* main.cpp in Sources */ = {isa = PBXBuildFile; fileRef = AA336BEF1B9AA38A0038B1C3 /* main.cpp */; };
		AA336BF41B9AA4540038B1C3 /* OpenGL.framework in Frameworks */ = {isa = PBXBuildFile; fileRef = AA336BB11B983E2E0038B1C3 /* OpenGL.framework */; };
		AA336BF51B9AA45C0038B1C3 /* GLUT.framework in Frameworks */ = {isa = PBXBuildFile; fileRef = AA336BB31B983E350038B1C3 /* GLUT.framework */; };
		AA336BF61B9AA4700038B1C3 /* libGLEW.1.12.0.dylib in Frameworks */ = {isa = PBXBuildFile; fileRef = AA336BB51B983F280038B1C3 /* libGLEW.1.12.0.dylib */; };
		AAB37A5C1B9AABB60085F48F /* main.cpp in Sources */ = {isa = PBXBuildFile; fileRef = AAB37A5B1B9AABB60085F48F /* main.cpp */; };
		AAB37A601B9AAC670085F48F /* GLUT.framework in Frameworks */ = {isa = PBXBuildFile; fileRef = AA336BB31B983E350038B1C3 /* GLUT.framework */; };
		AAB37A611B9AAC6B0085F48F /* OpenGL.framework in Frameworks */ = {isa = PBXBuildFile; fileRef = AA336BB11B983E2E0038B1C3 /* OpenGL.framework */; };
		AAB37A621B9AAC790085F48F /* libGLEW.1.12.0.dylib in Frameworks */ = {isa = PBXBuildFile; fileRef = AA336BB51B983F280038B1C3 /* libGLEW.1.12.0.dylib */; };
		AADA5CEF1BA1797700C1377F /* main.cpp in Sources */ = {isa = PBXBuildFile; fileRef = AADA5CEE1BA1797700C1377F /* main.cpp */; };
		AADA5CF51BA2B66E00C1377F /* GLUT.framework in Frameworks */ = {isa = PBXBuildFile; fileRef = AA336BB31B983E350038B1C3 /* GLUT.framework */; };
		AADA5CF61BA2B67400C1377F /* OpenGL.framework in Frameworks */ = {isa = PBXBuildFile; fileRef = AA336BB11B983E2E0038B1C3 /* OpenGL.framework */; };
		AADA5CF71BA2BD0800C1377F /* libGLEW.1.12.0.dylib in Frameworks */ = {isa = PBXBuildFile; fileRef = AA336BB51B983F280038B1C3 /* libGLEW.1.12.0.dylib */; };
		AADA5CF91BA2C68F00C1377F /* libglfw3.3.1.dylib in Frameworks */ = {isa = PBXBuildFile; fileRef = AADA5CF81BA2C68F00C1377F /* libglfw3.3.1.dylib */; };
		AADA5D011BA4830600C1377F /* main.cpp in Sources */ = {isa = PBXBuildFile; fileRef = AADA5D001BA4830600C1377F /* main.cpp */; };
		AADA5D051BA4830F00C1377F /* OpenGL.framework in Frameworks */ = {isa = PBXBuildFile; fileRef = AA336BB11B983E2E0038B1C3 /* OpenGL.framework */; };
		AADA5D061BA4832400C1377F /* libglfw3.3.1.dylib in Frameworks */ = {isa = PBXBuildFile; fileRef = AADA5CF81BA2C68F00C1377F /* libglfw3.3.1.dylib */; };
		AADA5D071BA4833800C1377F /* libGLEW.1.12.0.dylib in Frameworks */ = {isa = PBXBuildFile; fileRef = AA336BB51B983F280038B1C3 /* libGLEW.1.12.0.dylib */; };
		AADA5D0D1BA4919700C1377F /* initShader.cpp in Sources */ = {isa = PBXBuildFile; fileRef = AADA5D0B1BA48E2C00C1377F /* initShader.cpp */; };
		AADA5D151BA4936200C1377F /* main.cpp in Sources */ = {isa = PBXBuildFile; fileRef = AADA5D141BA4936200C1377F /* main.cpp */; };
		AADA5D191BA4936D00C1377F /* initShader.cpp in Sources */ = {isa = PBXBuildFile; fileRef = AADA5D0B1BA48E2C00C1377F /* initShader.cpp */; };
		AADA5D1A1BA4937600C1377F /* OpenGL.framework in Frameworks */ = {isa = PBXBuildFile; fileRef = AA336BB11B983E2E0038B1C3 /* OpenGL.framework */; };
		AADA5D1B1BA4938600C1377F /* libglfw3.3.1.dylib in Frameworks */ = {isa = PBXBuildFile; fileRef = AADA5CF81BA2C68F00C1377F /* libglfw3.3.1.dylib */; };
		AADA5D1C1BA4939600C1377F /* libGLEW.1.12.0.dylib in Frameworks */ = {isa = PBXBuildFile; fileRef = AA336BB51B983F280038B1C3 /* libGLEW.1.12.0.dylib */; };
		AAFFFCC61B9AA8E100B304AF /* main.cpp in Sources */ = {isa = PBXBuildFile; fileRef = AAFFFCC51B9AA8E100B304AF /* main.cpp */; };
/* End PBXBuildFile section */

/* Begin PBXCopyFilesBuildPhase section */
		AA336BA51B983C2A0038B1C3 /* CopyFiles */ = {
			isa = PBXCopyFilesBuildPhase;
			buildActionMask = 2147483647;
			dstPath = /usr/share/man/man1/;
			dstSubfolderSpec = 0;
			files = (
			);
			runOnlyForDeploymentPostprocessing = 1;
		};
		AA336BEB1B9AA38A0038B1C3 /* CopyFiles */ = {
			isa = PBXCopyFilesBuildPhase;
			buildActionMask = 2147483647;
			dstPath = /usr/share/man/man1/;
			dstSubfolderSpec = 0;
			files = (
			);
			runOnlyForDeploymentPostprocessing = 1;
		};
		AAB37A571B9AABB60085F48F /* CopyFiles */ = {
			isa = PBXCopyFilesBuildPhase;
			buildActionMask = 2147483647;
			dstPath = /usr/share/man/man1/;
			dstSubfolderSpec = 0;
			files = (
			);
			runOnlyForDeploymentPostprocessing = 1;
		};
		AADA5CEA1BA1797700C1377F /* CopyFiles */ = {
			isa = PBXCopyFilesBuildPhase;
			buildActionMask = 2147483647;
			dstPath = /usr/share/man/man1/;
			dstSubfolderSpec = 0;
			files = (
			);
			runOnlyForDeploymentPostprocessing = 1;
		};
		AADA5CFC1BA4830600C1377F /* CopyFiles */ = {
			isa = PBXCopyFilesBuildPhase;
			buildActionMask = 2147483647;
			dstPath = /usr/share/man/man1/;
			dstSubfolderSpec = 0;
			files = (
			);
			runOnlyForDeploymentPostprocessing = 1;
		};
		AADA5D101BA4936200C1377F /* CopyFiles */ = {
			isa = PBXCopyFilesBuildPhase;
			buildActionMask = 2147483647;
			dstPath = /usr/share/man/man1/;
			dstSubfolderSpec = 0;
			files = (
			);
			runOnlyForDeploymentPostprocessing = 1;
		};
/* End PBXCopyFilesBuildPhase section */

/* Begin PBXFileReference section */
		AA336BA71B983C2A0038B1C3 /* t1 */ = {isa = PBXFileReference; explicitFileType = "compiled.mach-o.executable"; includeInIndex = 0; path = t1; sourceTree = BUILT_PRODUCTS_DIR; };
		AA336BB11B983E2E0038B1C3 /* OpenGL.framework */ = {isa = PBXFileReference; lastKnownFileType = wrapper.framework; name = OpenGL.framework; path = System/Library/Frameworks/OpenGL.framework; sourceTree = SDKROOT; };
		AA336BB31B983E350038B1C3 /* GLUT.framework */ = {isa = PBXFileReference; lastKnownFileType = wrapper.framework; name = GLUT.framework; path = System/Library/Frameworks/GLUT.framework; sourceTree = SDKROOT; };
		AA336BB51B983F280038B1C3 /* libGLEW.1.12.0.dylib */ = {isa = PBXFileReference; lastKnownFileType = "compiled.mach-o.dylib"; name = libGLEW.1.12.0.dylib; path = ../../../../../usr/local/Cellar/glew/1.12.0/lib/libGLEW.1.12.0.dylib; sourceTree = "<group>"; };
		AA336BED1B9AA38A0038B1C3 /* t2 */ = {isa = PBXFileReference; explicitFileType = "compiled.mach-o.executable"; includeInIndex = 0; path = t2; sourceTree = BUILT_PRODUCTS_DIR; };
		AA336BEF1B9AA38A0038B1C3 /* main.cpp */ = {isa = PBXFileReference; lastKnownFileType = sourcecode.cpp.cpp; path = main.cpp; sourceTree = "<group>"; };
		AAB37A591B9AABB60085F48F /* t3 */ = {isa = PBXFileReference; explicitFileType = "compiled.mach-o.executable"; includeInIndex = 0; path = t3; sourceTree = BUILT_PRODUCTS_DIR; };
		AAB37A5B1B9AABB60085F48F /* main.cpp */ = {isa = PBXFileReference; lastKnownFileType = sourcecode.cpp.cpp; path = main.cpp; sourceTree = "<group>"; };
		AADA5CEC1BA1797700C1377F /* t4 */ = {isa = PBXFileReference; explicitFileType = "compiled.mach-o.executable"; includeInIndex = 0; path = t4; sourceTree = BUILT_PRODUCTS_DIR; };
		AADA5CEE1BA1797700C1377F /* main.cpp */ = {isa = PBXFileReference; lastKnownFileType = sourcecode.cpp.cpp; path = main.cpp; sourceTree = "<group>"; };
		AADA5CF31BA2AC7200C1377F /* vertexshader.vs */ = {isa = PBXFileReference; fileEncoding = 4; lastKnownFileType = sourcecode.glsl; path = vertexshader.vs; sourceTree = "<group>"; };
		AADA5CF41BA2AE4A00C1377F /* fragmentshader.fs */ = {isa = PBXFileReference; fileEncoding = 4; lastKnownFileType = sourcecode.glsl; path = fragmentshader.fs; sourceTree = "<group>"; };
		AADA5CF81BA2C68F00C1377F /* libglfw3.3.1.dylib */ = {isa = PBXFileReference; lastKnownFileType = "compiled.mach-o.dylib"; name = libglfw3.3.1.dylib; path = ../../../../../usr/local/Cellar/glfw3/3.1.1/lib/libglfw3.3.1.dylib; sourceTree = "<group>"; };
		AADA5CFE1BA4830600C1377F /* t5 */ = {isa = PBXFileReference; explicitFileType = "compiled.mach-o.executable"; includeInIndex = 0; path = t5; sourceTree = BUILT_PRODUCTS_DIR; };
		AADA5D001BA4830600C1377F /* main.cpp */ = {isa = PBXFileReference; lastKnownFileType = sourcecode.cpp.cpp; path = main.cpp; sourceTree = "<group>"; };
		AADA5D081BA48B4E00C1377F /* vs.vs */ = {isa = PBXFileReference; fileEncoding = 4; lastKnownFileType = sourcecode.glsl; path = vs.vs; sourceTree = "<group>"; };
		AADA5D091BA48BB800C1377F /* fs.fs */ = {isa = PBXFileReference; fileEncoding = 4; lastKnownFileType = sourcecode.glsl; path = fs.fs; sourceTree = "<group>"; };
		AADA5D0B1BA48E2C00C1377F /* initShader.cpp */ = {isa = PBXFileReference; lastKnownFileType = sourcecode.cpp.cpp; path = initShader.cpp; sourceTree = "<group>"; };
		AADA5D0C1BA48E2C00C1377F /* initShader.h */ = {isa = PBXFileReference; lastKnownFileType = sourcecode.c.h; path = initShader.h; sourceTree = "<group>"; };
		AADA5D121BA4936200C1377F /* t6 */ = {isa = PBXFileReference; explicitFileType = "compiled.mach-o.executable"; includeInIndex = 0; path = t6; sourceTree = BUILT_PRODUCTS_DIR; };
		AADA5D141BA4936200C1377F /* main.cpp */ = {isa = PBXFileReference; lastKnownFileType = sourcecode.cpp.cpp; path = main.cpp; sourceTree = "<group>"; };
		AADA5D1D1BA497DD00C1377F /* vs.vs */ = {isa = PBXFileReference; fileEncoding = 4; lastKnownFileType = sourcecode.glsl; path = vs.vs; sourceTree = "<group>"; };
		AADA5D1E1BA497E600C1377F /* fs.fs */ = {isa = PBXFileReference; fileEncoding = 4; lastKnownFileType = sourcecode.glsl; path = fs.fs; sourceTree = "<group>"; };
		AAFFFCC51B9AA8E100B304AF /* main.cpp */ = {isa = PBXFileReference; fileEncoding = 4; lastKnownFileType = sourcecode.cpp.cpp; name = main.cpp; path = t2/main.cpp; sourceTree = SOURCE_ROOT; };
/* End PBXFileReference section */

/* Begin PBXFrameworksBuildPhase section */
		AA336BA41B983C2A0038B1C3 /* Frameworks */ = {
			isa = PBXFrameworksBuildPhase;
			buildActionMask = 2147483647;
			files = (
				AA336BB61B983F280038B1C3 /* libGLEW.1.12.0.dylib in Frameworks */,
				AA336BB41B983E350038B1C3 /* GLUT.framework in Frameworks */,
				AA336BB21B983E2E0038B1C3 /* OpenGL.framework in Frameworks */,
			);
			runOnlyForDeploymentPostprocessing = 0;
		};
		AA336BEA1B9AA38A0038B1C3 /* Frameworks */ = {
			isa = PBXFrameworksBuildPhase;
			buildActionMask = 2147483647;
			files = (
				AA336BF61B9AA4700038B1C3 /* libGLEW.1.12.0.dylib in Frameworks */,
				AA336BF51B9AA45C0038B1C3 /* GLUT.framework in Frameworks */,
				AA336BF41B9AA4540038B1C3 /* OpenGL.framework in Frameworks */,
			);
			runOnlyForDeploymentPostprocessing = 0;
		};
		AAB37A561B9AABB60085F48F /* Frameworks */ = {
			isa = PBXFrameworksBuildPhase;
			buildActionMask = 2147483647;
			files = (
				AAB37A621B9AAC790085F48F /* libGLEW.1.12.0.dylib in Frameworks */,
				AAB37A611B9AAC6B0085F48F /* OpenGL.framework in Frameworks */,
				AAB37A601B9AAC670085F48F /* GLUT.framework in Frameworks */,
			);
			runOnlyForDeploymentPostprocessing = 0;
		};
		AADA5CE91BA1797700C1377F /* Frameworks */ = {
			isa = PBXFrameworksBuildPhase;
			buildActionMask = 2147483647;
			files = (
				AADA5CF91BA2C68F00C1377F /* libglfw3.3.1.dylib in Frameworks */,
				AADA5CF71BA2BD0800C1377F /* libGLEW.1.12.0.dylib in Frameworks */,
				AADA5CF61BA2B67400C1377F /* OpenGL.framework in Frameworks */,
				AADA5CF51BA2B66E00C1377F /* GLUT.framework in Frameworks */,
			);
			runOnlyForDeploymentPostprocessing = 0;
		};
		AADA5CFB1BA4830600C1377F /* Frameworks */ = {
			isa = PBXFrameworksBuildPhase;
			buildActionMask = 2147483647;
			files = (
				AADA5D071BA4833800C1377F /* libGLEW.1.12.0.dylib in Frameworks */,
				AADA5D061BA4832400C1377F /* libglfw3.3.1.dylib in Frameworks */,
				AADA5D051BA4830F00C1377F /* OpenGL.framework in Frameworks */,
			);
			runOnlyForDeploymentPostprocessing = 0;
		};
		AADA5D0F1BA4936200C1377F /* Frameworks */ = {
			isa = PBXFrameworksBuildPhase;
			buildActionMask = 2147483647;
			files = (
				AADA5D1C1BA4939600C1377F /* libGLEW.1.12.0.dylib in Frameworks */,
				AADA5D1B1BA4938600C1377F /* libglfw3.3.1.dylib in Frameworks */,
				AADA5D1A1BA4937600C1377F /* OpenGL.framework in Frameworks */,
			);
			runOnlyForDeploymentPostprocessing = 0;
		};
/* End PBXFrameworksBuildPhase section */

/* Begin PBXGroup section */
		AA336B9E1B983C2A0038B1C3 = {
			isa = PBXGroup;
			children = (
				AADA5D0A1BA48DF800C1377F /* common */,
				AADA5CF81BA2C68F00C1377F /* libglfw3.3.1.dylib */,
				AA336BB51B983F280038B1C3 /* libGLEW.1.12.0.dylib */,
				AA336BB31B983E350038B1C3 /* GLUT.framework */,
				AA336BB11B983E2E0038B1C3 /* OpenGL.framework */,
				AA336BA91B983C2A0038B1C3 /* t1 */,
				AA336BEE1B9AA38A0038B1C3 /* t2 */,
				AAB37A5A1B9AABB60085F48F /* t3 */,
				AADA5CED1BA1797700C1377F /* t4 */,
				AADA5CFF1BA4830600C1377F /* t5 */,
				AADA5D131BA4936200C1377F /* t6 */,
				AA336BA81B983C2A0038B1C3 /* Products */,
			);
			sourceTree = "<group>";
		};
		AA336BA81B983C2A0038B1C3 /* Products */ = {
			isa = PBXGroup;
			children = (
				AA336BA71B983C2A0038B1C3 /* t1 */,
				AA336BED1B9AA38A0038B1C3 /* t2 */,
				AAB37A591B9AABB60085F48F /* t3 */,
				AADA5CEC1BA1797700C1377F /* t4 */,
				AADA5CFE1BA4830600C1377F /* t5 */,
				AADA5D121BA4936200C1377F /* t6 */,
			);
			name = Products;
			sourceTree = "<group>";
		};
		AA336BA91B983C2A0038B1C3 /* t1 */ = {
			isa = PBXGroup;
			children = (
				AAFFFCC51B9AA8E100B304AF /* main.cpp */,
			);
			name = t1;
			path = Graphics;
			sourceTree = "<group>";
		};
		AA336BEE1B9AA38A0038B1C3 /* t2 */ = {
			isa = PBXGroup;
			children = (
				AA336BEF1B9AA38A0038B1C3 /* main.cpp */,
			);
			name = t2;
			path = t1;
			sourceTree = "<group>";
		};
		AAB37A5A1B9AABB60085F48F /* t3 */ = {
			isa = PBXGroup;
			children = (
				AAB37A5B1B9AABB60085F48F /* main.cpp */,
			);
			path = t3;
			sourceTree = "<group>";
		};
		AADA5CED1BA1797700C1377F /* t4 */ = {
			isa = PBXGroup;
			children = (
				AADA5CEE1BA1797700C1377F /* main.cpp */,
				AADA5CF31BA2AC7200C1377F /* vertexshader.vs */,
				AADA5CF41BA2AE4A00C1377F /* fragmentshader.fs */,
			);
			path = t4;
			sourceTree = "<group>";
		};
		AADA5CFF1BA4830600C1377F /* t5 */ = {
			isa = PBXGroup;
			children = (
				AADA5D001BA4830600C1377F /* main.cpp */,
				AADA5D081BA48B4E00C1377F /* vs.vs */,
				AADA5D091BA48BB800C1377F /* fs.fs */,
			);
			path = t5;
			sourceTree = "<group>";
		};
		AADA5D0A1BA48DF800C1377F /* common */ = {
			isa = PBXGroup;
			children = (
				AADA5D0B1BA48E2C00C1377F /* initShader.cpp */,
				AADA5D0C1BA48E2C00C1377F /* initShader.h */,
			);
			name = common;
			sourceTree = "<group>";
		};
		AADA5D131BA4936200C1377F /* t6 */ = {
			isa = PBXGroup;
			children = (
				AADA5D141BA4936200C1377F /* main.cpp */,
				AADA5D1D1BA497DD00C1377F /* vs.vs */,
				AADA5D1E1BA497E600C1377F /* fs.fs */,
			);
			path = t6;
			sourceTree = "<group>";
		};
/* End PBXGroup section */

/* Begin PBXNativeTarget section */
		AA336BA61B983C2A0038B1C3 /* t1 */ = {
			isa = PBXNativeTarget;
			buildConfigurationList = AA336BAE1B983C2A0038B1C3 /* Build configuration list for PBXNativeTarget "t1" */;
			buildPhases = (
				AA336BA31B983C2A0038B1C3 /* Sources */,
				AA336BA41B983C2A0038B1C3 /* Frameworks */,
				AA336BA51B983C2A0038B1C3 /* CopyFiles */,
			);
			buildRules = (
			);
			dependencies = (
			);
			name = t1;
			productName = Graphics;
			productReference = AA336BA71B983C2A0038B1C3 /* t1 */;
			productType = "com.apple.product-type.tool";
		};
		AA336BEC1B9AA38A0038B1C3 /* t2 */ = {
			isa = PBXNativeTarget;
			buildConfigurationList = AA336BF11B9AA38A0038B1C3 /* Build configuration list for PBXNativeTarget "t2" */;
			buildPhases = (
				AA336BE91B9AA38A0038B1C3 /* Sources */,
				AA336BEA1B9AA38A0038B1C3 /* Frameworks */,
				AA336BEB1B9AA38A0038B1C3 /* CopyFiles */,
			);
			buildRules = (
			);
			dependencies = (
			);
			name = t2;
			productName = t1;
			productReference = AA336BED1B9AA38A0038B1C3 /* t2 */;
			productType = "com.apple.product-type.tool";
		};
		AAB37A581B9AABB60085F48F /* t3 */ = {
			isa = PBXNativeTarget;
			buildConfigurationList = AAB37A5F1B9AABB60085F48F /* Build configuration list for PBXNativeTarget "t3" */;
			buildPhases = (
				AAB37A551B9AABB60085F48F /* Sources */,
				AAB37A561B9AABB60085F48F /* Frameworks */,
				AAB37A571B9AABB60085F48F /* CopyFiles */,
			);
			buildRules = (
			);
			dependencies = (
			);
			name = t3;
			productName = t3;
			productReference = AAB37A591B9AABB60085F48F /* t3 */;
			productType = "com.apple.product-type.tool";
		};
		AADA5CEB1BA1797700C1377F /* t4 */ = {
			isa = PBXNativeTarget;
			buildConfigurationList = AADA5CF01BA1797700C1377F /* Build configuration list for PBXNativeTarget "t4" */;
			buildPhases = (
				AADA5CE81BA1797700C1377F /* Sources */,
				AADA5CE91BA1797700C1377F /* Frameworks */,
				AADA5CEA1BA1797700C1377F /* CopyFiles */,
			);
			buildRules = (
			);
			dependencies = (
			);
			name = t4;
			productName = t4;
			productReference = AADA5CEC1BA1797700C1377F /* t4 */;
			productType = "com.apple.product-type.tool";
		};
		AADA5CFD1BA4830600C1377F /* t5 */ = {
			isa = PBXNativeTarget;
			buildConfigurationList = AADA5D021BA4830600C1377F /* Build configuration list for PBXNativeTarget "t5" */;
			buildPhases = (
				AADA5CFA1BA4830600C1377F /* Sources */,
				AADA5CFB1BA4830600C1377F /* Frameworks */,
				AADA5CFC1BA4830600C1377F /* CopyFiles */,
			);
			buildRules = (
			);
			dependencies = (
			);
			name = t5;
			productName = t5;
			productReference = AADA5CFE1BA4830600C1377F /* t5 */;
			productType = "com.apple.product-type.tool";
		};
		AADA5D111BA4936200C1377F /* t6 */ = {
			isa = PBXNativeTarget;
			buildConfigurationList = AADA5D161BA4936200C1377F /* Build configuration list for PBXNativeTarget "t6" */;
			buildPhases = (
				AADA5D0E1BA4936200C1377F /* Sources */,
				AADA5D0F1BA4936200C1377F /* Frameworks */,
				AADA5D101BA4936200C1377F /* CopyFiles */,
			);
			buildRules = (
			);
			dependencies = (
			);
			name = t6;
			productName = t6;
			productReference = AADA5D121BA4936200C1377F /* t6 */;
			productType = "com.apple.product-type.tool";
		};
/* End PBXNativeTarget section */

/* Begin PBXProject section */
		AA336B9F1B983C2A0038B1C3 /* Project object */ = {
			isa = PBXProject;
			attributes = {
				LastUpgradeCheck = 0640;
				ORGANIZATIONNAME = Steve;
				TargetAttributes = {
					AA336BA61B983C2A0038B1C3 = {
						CreatedOnToolsVersion = 6.4;
					};
					AA336BEC1B9AA38A0038B1C3 = {
						CreatedOnToolsVersion = 6.4;
					};
					AAB37A581B9AABB60085F48F = {
						CreatedOnToolsVersion = 6.4;
					};
					AADA5CEB1BA1797700C1377F = {
						CreatedOnToolsVersion = 6.4;
					};
					AADA5CFD1BA4830600C1377F = {
						CreatedOnToolsVersion = 6.4;
					};
					AADA5D111BA4936200C1377F = {
						CreatedOnToolsVersion = 6.4;
					};
				};
			};
			buildConfigurationList = AA336BA21B983C2A0038B1C3 /* Build configuration list for PBXProject "Graphics" */;
			compatibilityVersion = "Xcode 3.2";
			developmentRegion = English;
			hasScannedForEncodings = 0;
			knownRegions = (
				en,
			);
			mainGroup = AA336B9E1B983C2A0038B1C3;
			productRefGroup = AA336BA81B983C2A0038B1C3 /* Products */;
			projectDirPath = "";
			projectRoot = "";
			targets = (
				AA336BA61B983C2A0038B1C3 /* t1 */,
				AA336BEC1B9AA38A0038B1C3 /* t2 */,
				AAB37A581B9AABB60085F48F /* t3 */,
				AADA5CEB1BA1797700C1377F /* t4 */,
				AADA5CFD1BA4830600C1377F /* t5 */,
				AADA5D111BA4936200C1377F /* t6 */,
			);
		};
/* End PBXProject section */

/* Begin PBXSourcesBuildPhase section */
		AA336BA31B983C2A0038B1C3 /* Sources */ = {
			isa = PBXSourcesBuildPhase;
			buildActionMask = 2147483647;
			files = (
				AAFFFCC61B9AA8E100B304AF /* main.cpp in Sources */,
			);
			runOnlyForDeploymentPostprocessing = 0;
		};
		AA336BE91B9AA38A0038B1C3 /* Sources */ = {
			isa = PBXSourcesBuildPhase;
			buildActionMask = 2147483647;
			files = (
				AA336BF01B9AA38A0038B1C3 /* main.cpp in Sources */,
			);
			runOnlyForDeploymentPostprocessing = 0;
		};
		AAB37A551B9AABB60085F48F /* Sources */ = {
			isa = PBXSourcesBuildPhase;
			buildActionMask = 2147483647;
			files = (
				AAB37A5C1B9AABB60085F48F /* main.cpp in Sources */,
			);
			runOnlyForDeploymentPostprocessing = 0;
		};
		AADA5CE81BA1797700C1377F /* Sources */ = {
			isa = PBXSourcesBuildPhase;
			buildActionMask = 2147483647;
			files = (
				AADA5CEF1BA1797700C1377F /* main.cpp in Sources */,
			);
			runOnlyForDeploymentPostprocessing = 0;
		};
		AADA5CFA1BA4830600C1377F /* Sources */ = {
			isa = PBXSourcesBuildPhase;
			buildActionMask = 2147483647;
			files = (
				AADA5D011BA4830600C1377F /* main.cpp in Sources */,
				AADA5D0D1BA4919700C1377F /* initShader.cpp in Sources */,
			);
			runOnlyForDeploymentPostprocessing = 0;
		};
		AADA5D0E1BA4936200C1377F /* Sources */ = {
			isa = PBXSourcesBuildPhase;
			buildActionMask = 2147483647;
			files = (
				AADA5D151BA4936200C1377F /* main.cpp in Sources */,
				AADA5D191BA4936D00C1377F /* initShader.cpp in Sources */,
			);
			runOnlyForDeploymentPostprocessing = 0;
		};
/* End PBXSourcesBuildPhase section */

/* Begin XCBuildConfiguration section */
		AA336BAC1B983C2A0038B1C3 /* Debug */ = {
			isa = XCBuildConfiguration;
			buildSettings = {
				ALWAYS_SEARCH_USER_PATHS = YES;
				CLANG_CXX_LANGUAGE_STANDARD = "gnu++0x";
				CLANG_CXX_LIBRARY = "libc++";
				CLANG_ENABLE_MODULES = YES;
				CLANG_ENABLE_OBJC_ARC = YES;
				CLANG_WARN_BOOL_CONVERSION = YES;
				CLANG_WARN_CONSTANT_CONVERSION = YES;
				CLANG_WARN_DIRECT_OBJC_ISA_USAGE = YES_ERROR;
				CLANG_WARN_EMPTY_BODY = YES;
				CLANG_WARN_ENUM_CONVERSION = YES;
				CLANG_WARN_INT_CONVERSION = YES;
				CLANG_WARN_OBJC_ROOT_CLASS = YES_ERROR;
				CLANG_WARN_UNREACHABLE_CODE = YES;
				CLANG_WARN__DUPLICATE_METHOD_MATCH = YES;
				COPY_PHASE_STRIP = NO;
				DEBUG_INFORMATION_FORMAT = dwarf;
				ENABLE_STRICT_OBJC_MSGSEND = YES;
				GCC_C_LANGUAGE_STANDARD = gnu99;
				GCC_DYNAMIC_NO_PIC = NO;
				GCC_NO_COMMON_BLOCKS = YES;
				GCC_OPTIMIZATION_LEVEL = 0;
				GCC_PREPROCESSOR_DEFINITIONS = (
					"DEBUG=1",
					"$(inherited)",
				);
				GCC_SYMBOLS_PRIVATE_EXTERN = NO;
				GCC_WARN_64_TO_32_BIT_CONVERSION = YES;
				GCC_WARN_ABOUT_RETURN_TYPE = YES_ERROR;
				GCC_WARN_UNDECLARED_SELECTOR = YES;
				GCC_WARN_UNINITIALIZED_AUTOS = YES_AGGRESSIVE;
				GCC_WARN_UNUSED_FUNCTION = YES;
				GCC_WARN_UNUSED_VARIABLE = YES;
				HEADER_SEARCH_PATHS = (
					"$(inherited)",
					/Applications/Xcode.app/Contents/Developer/Toolchains/XcodeDefault.xctoolchain/usr/include,
					"$(GLEW_INCLUDE)",
					/Users/steve/Documents/graphicDependence/Include,
					/Users/steve/Documents/openGL/Graphics,
				);
				LIBRARY_SEARCH_PATHS = (
					/usr/local/Cellar/glew/1.12.0/lib,
					/Users/steve/Documents/graphicDependence/Lib,
				);
				MACOSX_DEPLOYMENT_TARGET = 10.10;
				MTL_ENABLE_DEBUG_INFO = YES;
				ONLY_ACTIVE_ARCH = YES;
				OTHER_LDFLAGS = "-IGLEW";
				SDKROOT = macosx;
			};
			name = Debug;
		};
		AA336BAD1B983C2A0038B1C3 /* Release */ = {
			isa = XCBuildConfiguration;
			buildSettings = {
				ALWAYS_SEARCH_USER_PATHS = YES;
				CLANG_CXX_LANGUAGE_STANDARD = "gnu++0x";
				CLANG_CXX_LIBRARY = "libc++";
				CLANG_ENABLE_MODULES = YES;
				CLANG_ENABLE_OBJC_ARC = YES;
				CLANG_WARN_BOOL_CONVERSION = YES;
				CLANG_WARN_CONSTANT_CONVERSION = YES;
				CLANG_WARN_DIRECT_OBJC_ISA_USAGE = YES_ERROR;
				CLANG_WARN_EMPTY_BODY = YES;
				CLANG_WARN_ENUM_CONVERSION = YES;
				CLANG_WARN_INT_CONVERSION = YES;
				CLANG_WARN_OBJC_ROOT_CLASS = YES_ERROR;
				CLANG_WARN_UNREACHABLE_CODE = YES;
				CLANG_WARN__DUPLICATE_METHOD_MATCH = YES;
				COPY_PHASE_STRIP = NO;
				DEBUG_INFORMATION_FORMAT = "dwarf-with-dsym";
				ENABLE_NS_ASSERTIONS = NO;
				ENABLE_STRICT_OBJC_MSGSEND = YES;
				GCC_C_LANGUAGE_STANDARD = gnu99;
				GCC_NO_COMMON_BLOCKS = YES;
				GCC_WARN_64_TO_32_BIT_CONVERSION = YES;
				GCC_WARN_ABOUT_RETURN_TYPE = YES_ERROR;
				GCC_WARN_UNDECLARED_SELECTOR = YES;
				GCC_WARN_UNINITIALIZED_AUTOS = YES_AGGRESSIVE;
				GCC_WARN_UNUSED_FUNCTION = YES;
				GCC_WARN_UNUSED_VARIABLE = YES;
				HEADER_SEARCH_PATHS = (
					"$(inherited)",
					/Applications/Xcode.app/Contents/Developer/Toolchains/XcodeDefault.xctoolchain/usr/include,
					"$(GLEW_INCLUDE)",
					/Users/steve/Documents/graphicDependence/Include,
					/Users/steve/Documents/openGL/Graphics,
				);
				LIBRARY_SEARCH_PATHS = (
					/usr/local/Cellar/glew/1.12.0/lib,
					/Users/steve/Documents/graphicDependence/Lib,
				);
				MACOSX_DEPLOYMENT_TARGET = 10.10;
				MTL_ENABLE_DEBUG_INFO = NO;
				OTHER_LDFLAGS = "-IGLEW";
				SDKROOT = macosx;
			};
			name = Release;
		};
		AA336BAF1B983C2A0038B1C3 /* Debug */ = {
			isa = XCBuildConfiguration;
			buildSettings = {
				HEADER_SEARCH_PATHS = (
					"$(inherited)",
					/Applications/Xcode.app/Contents/Developer/Toolchains/XcodeDefault.xctoolchain/usr/include,
					"$(GLTOOLS_INCLUDE)",
					/usr/local/Cellar/glew/1.12.0/include,
				);
				LIBRARY_SEARCH_PATHS = (
					"$(inherited)",
					/usr/local/Cellar/glew/1.12.0/lib,
					"$(PROJECT_DIR)",
				);
				OTHER_LDFLAGS = "-lGLEW";
				PRODUCT_NAME = "$(TARGET_NAME)";
			};
			name = Debug;
		};
		AA336BB01B983C2A0038B1C3 /* Release */ = {
			isa = XCBuildConfiguration;
			buildSettings = {
				HEADER_SEARCH_PATHS = (
					"$(inherited)",
					/Applications/Xcode.app/Contents/Developer/Toolchains/XcodeDefault.xctoolchain/usr/include,
					"$(GLTOOLS_INCLUDE)",
					/usr/local/Cellar/glew/1.12.0/include,
				);
				LIBRARY_SEARCH_PATHS = (
					"$(inherited)",
					/usr/local/Cellar/glew/1.12.0/lib,
					"$(PROJECT_DIR)",
				);
				OTHER_LDFLAGS = "-lGLEW";
				PRODUCT_NAME = "$(TARGET_NAME)";
			};
			name = Release;
		};
		AA336BF21B9AA38A0038B1C3 /* Debug */ = {
			isa = XCBuildConfiguration;
			buildSettings = {
				GCC_PREPROCESSOR_DEFINITIONS = (
					"DEBUG=1",
					"$(inherited)",
				);
				HEADER_SEARCH_PATHS = (
					"$(inherited)",
					/Applications/Xcode.app/Contents/Developer/Toolchains/XcodeDefault.xctoolchain/usr/include,
					/usr/local/Cellar/glew/1.12.0/include,
				);
				LIBRARY_SEARCH_PATHS = (
					"$(inherited)",
					/usr/local/Cellar/glew/1.12.0/lib,
				);
				OTHER_LDFLAGS = "-IGLEW";
				PRODUCT_NAME = "$(TARGET_NAME)";
			};
			name = Debug;
		};
		AA336BF31B9AA38A0038B1C3 /* Release */ = {
			isa = XCBuildConfiguration;
			buildSettings = {
				HEADER_SEARCH_PATHS = (
					"$(inherited)",
					/Applications/Xcode.app/Contents/Developer/Toolchains/XcodeDefault.xctoolchain/usr/include,
					/usr/local/Cellar/glew/1.12.0/include,
				);
				LIBRARY_SEARCH_PATHS = (
					"$(inherited)",
					/usr/local/Cellar/glew/1.12.0/lib,
				);
				OTHER_LDFLAGS = "-IGLEW";
				PRODUCT_NAME = "$(TARGET_NAME)";
			};
			name = Release;
		};
		AAB37A5D1B9AABB60085F48F /* Debug */ = {
			isa = XCBuildConfiguration;
			buildSettings = {
				GCC_PREPROCESSOR_DEFINITIONS = (
					"DEBUG=1",
					"$(inherited)",
				);
				LIBRARY_SEARCH_PATHS = (
					"$(inherited)",
					/usr/local/Cellar/glew/1.12.0/lib,
				);
				PRODUCT_NAME = "$(TARGET_NAME)";
			};
			name = Debug;
		};
		AAB37A5E1B9AABB60085F48F /* Release */ = {
			isa = XCBuildConfiguration;
			buildSettings = {
				LIBRARY_SEARCH_PATHS = (
					"$(inherited)",
					/usr/local/Cellar/glew/1.12.0/lib,
				);
				PRODUCT_NAME = "$(TARGET_NAME)";
			};
			name = Release;
		};
		AADA5CF11BA1797700C1377F /* Debug */ = {
			isa = XCBuildConfiguration;
			buildSettings = {
				GCC_PREPROCESSOR_DEFINITIONS = (
					"DEBUG=1",
					"$(inherited)",
				);
				HEADER_SEARCH_PATHS = (
					"$(inherited)",
					/Applications/Xcode.app/Contents/Developer/Toolchains/XcodeDefault.xctoolchain/usr/include,
					"$(GLEW_INCLUDE)",
					/Users/steve/Documents/graphicDependence/Include,
					/usr/local/Cellar/glfw3/3.1.1/include,
				);
				LIBRARY_SEARCH_PATHS = (
					"$(inherited)",
					/usr/local/Cellar/glew/1.12.0/lib,
					/usr/local/Cellar/glfw3/3.1.1/lib,
				);
				PRODUCT_NAME = "$(TARGET_NAME)";
			};
			name = Debug;
		};
		AADA5CF21BA1797700C1377F /* Release */ = {
			isa = XCBuildConfiguration;
			buildSettings = {
				HEADER_SEARCH_PATHS = (
					"$(inherited)",
					/Applications/Xcode.app/Contents/Developer/Toolchains/XcodeDefault.xctoolchain/usr/include,
					"$(GLEW_INCLUDE)",
					/Users/steve/Documents/graphicDependence/Include,
					/usr/local/Cellar/glfw3/3.1.1/include,
				);
				LIBRARY_SEARCH_PATHS = (
					"$(inherited)",
					/usr/local/Cellar/glew/1.12.0/lib,
					/usr/local/Cellar/glfw3/3.1.1/lib,
				);
				PRODUCT_NAME = "$(TARGET_NAME)";
			};
			name = Release;
		};
		AADA5D031BA4830600C1377F /* Debug */ = {
			isa = XCBuildConfiguration;
			buildSettings = {
				ALWAYS_SEARCH_USER_PATHS = YES;
				GCC_PREPROCESSOR_DEFINITIONS = (
					"DEBUG=1",
					"$(inherited)",
				);
				LIBRARY_SEARCH_PATHS = (
					"$(inherited)",
					/usr/local/Cellar/glfw3/3.1.1/lib,
					/usr/local/Cellar/glew/1.12.0/lib,
				);
				PRODUCT_NAME = "$(TARGET_NAME)";
			};
			name = Debug;
		};
		AADA5D041BA4830600C1377F /* Release */ = {
			isa = XCBuildConfiguration;
			buildSettings = {
				ALWAYS_SEARCH_USER_PATHS = YES;
				LIBRARY_SEARCH_PATHS = (
					"$(inherited)",
					/usr/local/Cellar/glfw3/3.1.1/lib,
					/usr/local/Cellar/glew/1.12.0/lib,
				);
				PRODUCT_NAME = "$(TARGET_NAME)";
			};
			name = Release;
		};
		AADA5D171BA4936200C1377F /* Debug */ = {
			isa = XCBuildConfiguration;
			buildSettings = {
				ALWAYS_SEARCH_USER_PATHS = YES;
				GCC_PREPROCESSOR_DEFINITIONS = (
					"DEBUG=1",
					"$(inherited)",
				);
				LIBRARY_SEARCH_PATHS = (
					"$(inherited)",
					/usr/local/Cellar/glfw3/3.1.1/lib,
					/usr/local/Cellar/glew/1.12.0/lib,
				);
				PRODUCT_NAME = "$(TARGET_NAME)";
			};
			name = Debug;
		};
		AADA5D181BA4936200C1377F /* Release */ = {
			isa = XCBuildConfiguration;
			buildSettings = {
				ALWAYS_SEARCH_USER_PATHS = YES;
				LIBRARY_SEARCH_PATHS = (
					"$(inherited)",
					/usr/local/Cellar/glfw3/3.1.1/lib,
					/usr/local/Cellar/glew/1.12.0/lib,
				);
				PRODUCT_NAME = "$(TARGET_NAME)";
			};
			name = Release;
		};
/* End XCBuildConfiguration section */

/* Begin XCConfigurationList section */
		AA336BA21B983C2A0038B1C3 /* Build configuration list for PBXProject "Graphics" */ = {
			isa = XCConfigurationList;
			buildConfigurations = (
				AA336BAC1B983C2A0038B1C3 /* Debug */,
				AA336BAD1B983C2A0038B1C3 /* Release */,
			);
			defaultConfigurationIsVisible = 0;
			defaultConfigurationName = Release;
		};
		AA336BAE1B983C2A0038B1C3 /* Build configuration list for PBXNativeTarget "t1" */ = {
			isa = XCConfigurationList;
			buildConfigurations = (
				AA336BAF1B983C2A0038B1C3 /* Debug */,
				AA336BB01B983C2A0038B1C3 /* Release */,
			);
			defaultConfigurationIsVisible = 0;
			defaultConfigurationName = Release;
		};
		AA336BF11B9AA38A0038B1C3 /* Build configuration list for PBXNativeTarget "t2" */ = {
			isa = XCConfigurationList;
			buildConfigurations = (
				AA336BF21B9AA38A0038B1C3 /* Debug */,
				AA336BF31B9AA38A0038B1C3 /* Release */,
			);
			defaultConfigurationIsVisible = 0;
			defaultConfigurationName = Release;
		};
		AAB37A5F1B9AABB60085F48F /* Build configuration list for PBXNativeTarget "t3" */ = {
			isa = XCConfigurationList;
			buildConfigurations = (
				AAB37A5D1B9AABB60085F48F /* Debug */,
				AAB37A5E1B9AABB60085F48F /* Release */,
			);
			defaultConfigurationIsVisible = 0;
			defaultConfigurationName = Release;
		};
		AADA5CF01BA1797700C1377F /* Build configuration list for PBXNativeTarget "t4" */ = {
			isa = XCConfigurationList;
			buildConfigurations = (
				AADA5CF11BA1797700C1377F /* Debug */,
				AADA5CF21BA1797700C1377F /* Release */,
			);
			defaultConfigurationIsVisible = 0;
		};
		AADA5D021BA4830600C1377F /* Build configuration list for PBXNativeTarget "t5" */ = {
			isa = XCConfigurationList;
			buildConfigurations = (
				AADA5D031BA4830600C1377F /* Debug */,
				AADA5D041BA4830600C1377F /* Release */,
			);
			defaultConfigurationIsVisible = 0;
		};
		AADA5D161BA4936200C1377F /* Build configuration list for PBXNativeTarget "t6" */ = {
			isa = XCConfigurationList;
			buildConfigurations = (
				AADA5D171BA4936200C1377F /* Debug */,
				AADA5D181BA4936200C1377F /* Release */,
			);
			defaultConfigurationIsVisible = 0;
		};
/* End XCConfigurationList section */
	};
	rootObject = AA336B9F1B983C2A0038B1C3 /* Project object */;
}
